
Microsoft Visual Studio Solution File, Format Version 12.00
# Visual Studio Version 17
VisualStudioVersion = 17.9.34902.65
MinimumVisualStudioVersion = 10.0.40219.1
Project("{9A19103F-16F7-4668-BE54-9A1E7A4F7556}") = "silicon-courseProvider", "silicon-courseProvider\silicon-courseProvider.csproj", "{A6657BD1-F554-4F9C-AC40-03532CAA83A9}"
EndProject
Project("{9A19103F-16F7-4668-BE54-9A1E7A4F7556}") = "silicon-courseProvider.Infrastructure", "silicon-courseProvider.Infrastructure\silicon-courseProvider.Infrastructure.csproj", "{0B5ED263-A8D9-4611-B16E-48DECE457E79}"
EndProject
Global
	GlobalSection(SolutionConfigurationPlatforms) = preSolution
		Debug|Any CPU = Debug|Any CPU
		Release|Any CPU = Release|Any CPU
	EndGlobalSection
	GlobalSection(ProjectConfigurationPlatforms) = postSolution
		{A6657BD1-F554-4F9C-AC40-03532CAA83A9}.Debug|Any CPU.ActiveCfg = Debug|Any CPU
		{A6657BD1-F554-4F9C-AC40-03532CAA83A9}.Debug|Any CPU.Build.0 = Debug|Any CPU
		{A6657BD1-F554-4F9C-AC40-03532CAA83A9}.Release|Any CPU.ActiveCfg = Release|Any CPU
		{A6657BD1-F554-4F9C-AC40-03532CAA83A9}.Release|Any CPU.Build.0 = Release|Any CPU
		{0B5ED263-A8D9-4611-B16E-48DECE457E79}.Debug|Any CPU.ActiveCfg = Debug|Any CPU
		{0B5ED263-A8D9-4611-B16E-48DECE457E79}.Debug|Any CPU.Build.0 = Debug|Any CPU
		{0B5ED263-A8D9-4611-B16E-48DECE457E79}.Release|Any CPU.ActiveCfg = Release|Any CPU
		{0B5ED263-A8D9-4611-B16E-48DECE457E79}.Release|Any CPU.Build.0 = Release|Any CPU
	EndGlobalSection
	GlobalSection(SolutionProperties) = preSolution
		HideSolutionNode = FALSE
	EndGlobalSection
	GlobalSection(ExtensibilityGlobals) = postSolution
		SolutionGuid = {01D49F0E-E3C7-407A-9009-CD011C353E65}
	EndGlobalSection
EndGlobal
